
Microsoft Visual Studio Solution File, Format Version 12.00
# Visual Studio Version 16
VisualStudioVersion = 16.0.30503.244
MinimumVisualStudioVersion = 10.0.40219.1
Project("{2150E333-8FDC-42A3-9474-1A3956D46DE8}") = "src", "src", "{54CE781C-21E0-4962-A1D3-F5D867FA2C2A}"
EndProject
Project("{2150E333-8FDC-42A3-9474-1A3956D46DE8}") = "test", "test", "{DEC96B13-226E-42CE-BF41-CA5FBEDBFB99}"
EndProject
Project("{FAE04EC0-301F-11D3-BF4B-00C04F79EFBC}") = "Framework.ApiHandler", "src\Framework.ApiHandler\Framework.ApiHandler.csproj", "{FFF1417C-EA17-4F47-A32F-42A9A8A37DA5}"
EndProject
Project("{FAE04EC0-301F-11D3-BF4B-00C04F79EFBC}") = "Framework.Core", "src\Framework.Core\Framework.Core.csproj", "{3A5E84FF-48E2-4E4C-8B6B-53C7FCC796E4}"
EndProject
Project("{2150E333-8FDC-42A3-9474-1A3956D46DE8}") = "UnitTest", "UnitTest", "{02813315-21A6-439A-8A2C-6A056B8C7649}"
EndProject
Project("{2150E333-8FDC-42A3-9474-1A3956D46DE8}") = "IntegrationTest", "IntegrationTest", "{E2BDA2D2-9677-4B8E-BC0E-73D49F0523BF}"
EndProject
Project("{FAE04EC0-301F-11D3-BF4B-00C04F79EFBC}") = "Framework.ApiHandler.UnitTest", "test\UnitTest\Framework.ApiHandler.UnitTest\Framework.ApiHandler.UnitTest.csproj", "{1692E2C8-51D0-47B0-B893-E65162325F2D}"
EndProject
Project("{FAE04EC0-301F-11D3-BF4B-00C04F79EFBC}") = "Framework.Common", "src\Framework.Common\Framework.Common.csproj", "{3880E8EF-3100-4A02-8CB6-D894E0455465}"
EndProject
Global
	GlobalSection(SolutionConfigurationPlatforms) = preSolution
		Debug|Any CPU = Debug|Any CPU
		Release|Any CPU = Release|Any CPU
	EndGlobalSection
	GlobalSection(ProjectConfigurationPlatforms) = postSolution
		{FFF1417C-EA17-4F47-A32F-42A9A8A37DA5}.Debug|Any CPU.ActiveCfg = Debug|Any CPU
		{FFF1417C-EA17-4F47-A32F-42A9A8A37DA5}.Debug|Any CPU.Build.0 = Debug|Any CPU
		{FFF1417C-EA17-4F47-A32F-42A9A8A37DA5}.Release|Any CPU.ActiveCfg = Release|Any CPU
		{FFF1417C-EA17-4F47-A32F-42A9A8A37DA5}.Release|Any CPU.Build.0 = Release|Any CPU
		{3A5E84FF-48E2-4E4C-8B6B-53C7FCC796E4}.Debug|Any CPU.ActiveCfg = Debug|Any CPU
		{3A5E84FF-48E2-4E4C-8B6B-53C7FCC796E4}.Debug|Any CPU.Build.0 = Debug|Any CPU
		{3A5E84FF-48E2-4E4C-8B6B-53C7FCC796E4}.Release|Any CPU.ActiveCfg = Release|Any CPU
		{3A5E84FF-48E2-4E4C-8B6B-53C7FCC796E4}.Release|Any CPU.Build.0 = Release|Any CPU
		{1692E2C8-51D0-47B0-B893-E65162325F2D}.Debug|Any CPU.ActiveCfg = Debug|Any CPU
		{1692E2C8-51D0-47B0-B893-E65162325F2D}.Debug|Any CPU.Build.0 = Debug|Any CPU
		{1692E2C8-51D0-47B0-B893-E65162325F2D}.Release|Any CPU.ActiveCfg = Release|Any CPU
		{1692E2C8-51D0-47B0-B893-E65162325F2D}.Release|Any CPU.Build.0 = Release|Any CPU
		{3880E8EF-3100-4A02-8CB6-D894E0455465}.Debug|Any CPU.ActiveCfg = Debug|Any CPU
		{3880E8EF-3100-4A02-8CB6-D894E0455465}.Debug|Any CPU.Build.0 = Debug|Any CPU
		{3880E8EF-3100-4A02-8CB6-D894E0455465}.Release|Any CPU.ActiveCfg = Release|Any CPU
		{3880E8EF-3100-4A02-8CB6-D894E0455465}.Release|Any CPU.Build.0 = Release|Any CPU
	EndGlobalSection
	GlobalSection(SolutionProperties) = preSolution
		HideSolutionNode = FALSE
	EndGlobalSection
	GlobalSection(NestedProjects) = preSolution
		{FFF1417C-EA17-4F47-A32F-42A9A8A37DA5} = {54CE781C-21E0-4962-A1D3-F5D867FA2C2A}
		{3A5E84FF-48E2-4E4C-8B6B-53C7FCC796E4} = {54CE781C-21E0-4962-A1D3-F5D867FA2C2A}
		{02813315-21A6-439A-8A2C-6A056B8C7649} = {DEC96B13-226E-42CE-BF41-CA5FBEDBFB99}
		{E2BDA2D2-9677-4B8E-BC0E-73D49F0523BF} = {DEC96B13-226E-42CE-BF41-CA5FBEDBFB99}
		{1692E2C8-51D0-47B0-B893-E65162325F2D} = {02813315-21A6-439A-8A2C-6A056B8C7649}
		{3880E8EF-3100-4A02-8CB6-D894E0455465} = {54CE781C-21E0-4962-A1D3-F5D867FA2C2A}
	EndGlobalSection
	GlobalSection(ExtensibilityGlobals) = postSolution
		SolutionGuid = {F04FFD46-7EEB-49E7-8A43-BEA7F12CB085}
	EndGlobalSection
EndGlobal
