
Microsoft Visual Studio Solution File, Format Version 12.00
# Visual Studio Version 16
VisualStudioVersion = 16.0.30503.244
MinimumVisualStudioVersion = 10.0.40219.1
Project("{2150E333-8FDC-42A3-9474-1A3956D46DE8}") = "src", "src", "{54CE781C-21E0-4962-A1D3-F5D867FA2C2A}"
EndProject
Project("{2150E333-8FDC-42A3-9474-1A3956D46DE8}") = "test", "test", "{DEC96B13-226E-42CE-BF41-CA5FBEDBFB99}"
EndProject
Project("{9A19103F-16F7-4668-BE54-9A1E7A4F7556}") = "Framework.ApiHandler", "src\Framework.ApiHandler\Framework.ApiHandler.csproj", "{FFF1417C-EA17-4F47-A32F-42A9A8A37DA5}"
EndProject
Project("{9A19103F-16F7-4668-BE54-9A1E7A4F7556}") = "Framework.Core", "src\Framework.Core\Framework.Core.csproj", "{3A5E84FF-48E2-4E4C-8B6B-53C7FCC796E4}"
EndProject
Project("{2150E333-8FDC-42A3-9474-1A3956D46DE8}") = "UnitTest", "UnitTest", "{02813315-21A6-439A-8A2C-6A056B8C7649}"
EndProject
Project("{2150E333-8FDC-42A3-9474-1A3956D46DE8}") = "IntegrationTest", "IntegrationTest", "{E2BDA2D2-9677-4B8E-BC0E-73D49F0523BF}"
EndProject
Project("{9A19103F-16F7-4668-BE54-9A1E7A4F7556}") = "Framework.ApiHandler.UnitTest", "test\UnitTest\Framework.ApiHandler.UnitTest\Framework.ApiHandler.UnitTest.csproj", "{1692E2C8-51D0-47B0-B893-E65162325F2D}"
EndProject
Project("{9A19103F-16F7-4668-BE54-9A1E7A4F7556}") = "Framework.Common", "src\Framework.Common\Framework.Common.csproj", "{3880E8EF-3100-4A02-8CB6-D894E0455465}"
EndProject
Project("{2150E333-8FDC-42A3-9474-1A3956D46DE8}") = "UITest", "UITest", "{5B5D95E4-070B-4235-A8E2-B0BB176D3AE2}"
EndProject
Project("{9A19103F-16F7-4668-BE54-9A1E7A4F7556}") = "Selenium.IntegrationTest", "test\IntegrationTest\Selenium.IntegrationTest\Selenium.IntegrationTest.csproj", "{54BADBF8-12C4-4C83-B382-6CFD042053F8}"
EndProject
Project("{9A19103F-16F7-4668-BE54-9A1E7A4F7556}") = "Trello.UiTest", "test\UiTest\SpecFlowProject1\Trello.UiTest.csproj", "{9C92BD3D-B443-471D-BCF1-5205FF81D074}"
EndProject
Project("{2150E333-8FDC-42A3-9474-1A3956D46DE8}") = "SystemTest", "SystemTest", "{EE9AB8DE-3EAB-43F0-9BA4-80439C537C11}"
EndProject
Project("{9A19103F-16F7-4668-BE54-9A1E7A4F7556}") = "Framework.Core.SystemTests", "test\SystemTest\Framework.Core.SystemTests\Framework.Core.SystemTests.csproj", "{1B39730F-7FA4-45EB-8208-E65D973DDD1E}"
EndProject
Global
	GlobalSection(SolutionConfigurationPlatforms) = preSolution
		Debug|Any CPU = Debug|Any CPU
		Release|Any CPU = Release|Any CPU
	EndGlobalSection
	GlobalSection(ProjectConfigurationPlatforms) = postSolution
		{FFF1417C-EA17-4F47-A32F-42A9A8A37DA5}.Debug|Any CPU.ActiveCfg = Debug|Any CPU
		{FFF1417C-EA17-4F47-A32F-42A9A8A37DA5}.Debug|Any CPU.Build.0 = Debug|Any CPU
		{FFF1417C-EA17-4F47-A32F-42A9A8A37DA5}.Release|Any CPU.ActiveCfg = Release|Any CPU
		{FFF1417C-EA17-4F47-A32F-42A9A8A37DA5}.Release|Any CPU.Build.0 = Release|Any CPU
		{3A5E84FF-48E2-4E4C-8B6B-53C7FCC796E4}.Debug|Any CPU.ActiveCfg = Debug|Any CPU
		{3A5E84FF-48E2-4E4C-8B6B-53C7FCC796E4}.Debug|Any CPU.Build.0 = Debug|Any CPU
		{3A5E84FF-48E2-4E4C-8B6B-53C7FCC796E4}.Release|Any CPU.ActiveCfg = Release|Any CPU
		{3A5E84FF-48E2-4E4C-8B6B-53C7FCC796E4}.Release|Any CPU.Build.0 = Release|Any CPU
		{1692E2C8-51D0-47B0-B893-E65162325F2D}.Debug|Any CPU.ActiveCfg = Debug|Any CPU
		{1692E2C8-51D0-47B0-B893-E65162325F2D}.Debug|Any CPU.Build.0 = Debug|Any CPU
		{1692E2C8-51D0-47B0-B893-E65162325F2D}.Release|Any CPU.ActiveCfg = Release|Any CPU
		{1692E2C8-51D0-47B0-B893-E65162325F2D}.Release|Any CPU.Build.0 = Release|Any CPU
		{3880E8EF-3100-4A02-8CB6-D894E0455465}.Debug|Any CPU.ActiveCfg = Debug|Any CPU
		{3880E8EF-3100-4A02-8CB6-D894E0455465}.Debug|Any CPU.Build.0 = Debug|Any CPU
		{3880E8EF-3100-4A02-8CB6-D894E0455465}.Release|Any CPU.ActiveCfg = Release|Any CPU
		{3880E8EF-3100-4A02-8CB6-D894E0455465}.Release|Any CPU.Build.0 = Release|Any CPU
		{54BADBF8-12C4-4C83-B382-6CFD042053F8}.Debug|Any CPU.ActiveCfg = Debug|Any CPU
		{54BADBF8-12C4-4C83-B382-6CFD042053F8}.Debug|Any CPU.Build.0 = Debug|Any CPU
		{54BADBF8-12C4-4C83-B382-6CFD042053F8}.Release|Any CPU.ActiveCfg = Release|Any CPU
		{54BADBF8-12C4-4C83-B382-6CFD042053F8}.Release|Any CPU.Build.0 = Release|Any CPU
		{9C92BD3D-B443-471D-BCF1-5205FF81D074}.Debug|Any CPU.ActiveCfg = Debug|Any CPU
		{9C92BD3D-B443-471D-BCF1-5205FF81D074}.Debug|Any CPU.Build.0 = Debug|Any CPU
		{9C92BD3D-B443-471D-BCF1-5205FF81D074}.Release|Any CPU.ActiveCfg = Release|Any CPU
		{9C92BD3D-B443-471D-BCF1-5205FF81D074}.Release|Any CPU.Build.0 = Release|Any CPU
		{1B39730F-7FA4-45EB-8208-E65D973DDD1E}.Debug|Any CPU.ActiveCfg = Debug|Any CPU
		{1B39730F-7FA4-45EB-8208-E65D973DDD1E}.Debug|Any CPU.Build.0 = Debug|Any CPU
		{1B39730F-7FA4-45EB-8208-E65D973DDD1E}.Release|Any CPU.ActiveCfg = Release|Any CPU
		{1B39730F-7FA4-45EB-8208-E65D973DDD1E}.Release|Any CPU.Build.0 = Release|Any CPU
	EndGlobalSection
	GlobalSection(SolutionProperties) = preSolution
		HideSolutionNode = FALSE
	EndGlobalSection
	GlobalSection(NestedProjects) = preSolution
		{FFF1417C-EA17-4F47-A32F-42A9A8A37DA5} = {54CE781C-21E0-4962-A1D3-F5D867FA2C2A}
		{3A5E84FF-48E2-4E4C-8B6B-53C7FCC796E4} = {54CE781C-21E0-4962-A1D3-F5D867FA2C2A}
		{02813315-21A6-439A-8A2C-6A056B8C7649} = {DEC96B13-226E-42CE-BF41-CA5FBEDBFB99}
		{E2BDA2D2-9677-4B8E-BC0E-73D49F0523BF} = {DEC96B13-226E-42CE-BF41-CA5FBEDBFB99}
		{1692E2C8-51D0-47B0-B893-E65162325F2D} = {02813315-21A6-439A-8A2C-6A056B8C7649}
		{3880E8EF-3100-4A02-8CB6-D894E0455465} = {54CE781C-21E0-4962-A1D3-F5D867FA2C2A}
		{5B5D95E4-070B-4235-A8E2-B0BB176D3AE2} = {DEC96B13-226E-42CE-BF41-CA5FBEDBFB99}
		{54BADBF8-12C4-4C83-B382-6CFD042053F8} = {E2BDA2D2-9677-4B8E-BC0E-73D49F0523BF}
		{9C92BD3D-B443-471D-BCF1-5205FF81D074} = {5B5D95E4-070B-4235-A8E2-B0BB176D3AE2}
		{EE9AB8DE-3EAB-43F0-9BA4-80439C537C11} = {DEC96B13-226E-42CE-BF41-CA5FBEDBFB99}
		{1B39730F-7FA4-45EB-8208-E65D973DDD1E} = {EE9AB8DE-3EAB-43F0-9BA4-80439C537C11}
	EndGlobalSection
	GlobalSection(ExtensibilityGlobals) = postSolution
		SolutionGuid = {F04FFD46-7EEB-49E7-8A43-BEA7F12CB085}
	EndGlobalSection
EndGlobal
